PODS:
  - Capacitor (1.0.0-alpha.36):
    - CapacitorCordova (= 1.0.0-alpha.36)
    - GCDWebServer (~> 3.0)
  - CapacitorCordova (1.0.0-alpha.36)
  - GCDWebServer (3.4.2):
    - GCDWebServer/Core (= 3.4.2)
  - GCDWebServer/Core (3.4.2)

DEPENDENCIES:
  - Capacitor (from `../../node_modules/@capacitor/ios`)
  - CapacitorCordova (from `../../node_modules/@capacitor/ios`)

EXTERNAL SOURCES:
  Capacitor:
    :path: "../../node_modules/@capacitor/ios"
  CapacitorCordova:
    :path: "../../node_modules/@capacitor/ios"

SPEC CHECKSUMS:
  Capacitor: 661089f6588af72a6574050a94b638220e462e77
  CapacitorCordova: ffef6539b1048bfd78405601a85cf7dc27259784
  GCDWebServer: 8d67ee9f634b4bb91eb4b8aee440318a5fc6debd

PODFILE CHECKSUM: a5dc06e87ff3b8bbf83133fb8127477ae8cc368f

COCOAPODS: 1.2.0
